
Microsoft Visual Studio Solution File, Format Version 12.00
# Visual Studio Version 17
VisualStudioVersion = 17.1.32210.238
MinimumVisualStudioVersion = 10.0.40219.1
Project("{FAE04EC0-301F-11D3-BF4B-00C04F79EFBC}") = "FirstApp", "FirstApp\FirstApp.csproj", "{8ED9491D-F136-44D8-842D-DCE1758F4136}"
EndProject
Global
	GlobalSection(SolutionConfigurationPlatforms) = preSolution
		Debug|Any CPU = Debug|Any CPU
		Release|Any CPU = Release|Any CPU
	EndGlobalSection
	GlobalSection(ProjectConfigurationPlatforms) = postSolution
		{8ED9491D-F136-44D8-842D-DCE1758F4136}.Debug|Any CPU.ActiveCfg = Debug|Any CPU
		{8ED9491D-F136-44D8-842D-DCE1758F4136}.Debug|Any CPU.Build.0 = Debug|Any CPU
		{8ED9491D-F136-44D8-842D-DCE1758F4136}.Release|Any CPU.ActiveCfg = Release|Any CPU
		{8ED9491D-F136-44D8-842D-DCE1758F4136}.Release|Any CPU.Build.0 = Release|Any CPU
	EndGlobalSection
	GlobalSection(SolutionProperties) = preSolution
		HideSolutionNode = FALSE
	EndGlobalSection
	GlobalSection(ExtensibilityGlobals) = postSolution
		SolutionGuid = {AFCAF3AB-D0AE-4B18-B212-A7C4772C7A15}
	EndGlobalSection
EndGlobal
